
Microsoft Visual Studio Solution File, Format Version 12.00
# Visual Studio Version 17
VisualStudioVersion = 17.2.32526.322
MinimumVisualStudioVersion = 10.0.40219.1
Project("{2150E333-8FDC-42A3-9474-1A3956D46DE8}") = "2-Application", "2-Application", "{3B69395C-E56A-4396-9900-3479B320A4B0}"
EndProject
Project("{2150E333-8FDC-42A3-9474-1A3956D46DE8}") = "3-Domain", "3-Domain", "{8A98CC65-0F18-4209-9F6E-F42C4055B5E8}"
EndProject
Project("{2150E333-8FDC-42A3-9474-1A3956D46DE8}") = "4-Crosscuting", "4-Crosscuting", "{AADCAE46-8BC8-47C0-826B-068E0EE28E6B}"
EndProject
Project("{2150E333-8FDC-42A3-9474-1A3956D46DE8}") = "5-Data", "5-Data", "{5864B764-F1FF-4CC3-91E9-5A4B1952585A}"
EndProject
Project("{9A19103F-16F7-4668-BE54-9A1E7A4F7556}") = "IBVL.Domain", "src\IBVL.Domain\IBVL.Domain.csproj", "{03CE7C9E-3CCA-4F46-B6E9-0FB65CAD97B1}"
EndProject
Project("{2150E333-8FDC-42A3-9474-1A3956D46DE8}") = "Domain.core", "Domain.core", "{5B128F60-2D9F-4333-99AA-AAD83F378CF5}"
EndProject
Project("{9A19103F-16F7-4668-BE54-9A1E7A4F7556}") = "IBVL.Domain.Core", "src\IBVL.Domain.Core\IBVL.Domain.Core.csproj", "{7B674CB3-6357-48C8-BB5E-0BBF293EAF31}"
EndProject
Project("{2150E333-8FDC-42A3-9474-1A3956D46DE8}") = "1-Api", "1-Api", "{E54CFF13-9468-43F6-81D4-0DD18355501A}"
EndProject
Project("{9A19103F-16F7-4668-BE54-9A1E7A4F7556}") = "IBLV.Web.Api", "src\IBLV.Web.Api\IBLV.Web.Api.csproj", "{FE83DF9A-39BF-4420-A8E5-3666CFE33EB9}"
EndProject
Project("{2150E333-8FDC-42A3-9474-1A3956D46DE8}") = "Test", "Test", "{F17A631A-0BEB-42AE-B7AC-77304FB7F054}"
EndProject
Project("{FAE04EC0-301F-11D3-BF4B-00C04F79EFBC}") = "IBVL.Domain.Test", "test\IBVL.Domain.Test\IBVL.Domain.Test.csproj", "{BA5F5BED-D42F-4EF1-8114-560BFB6966C4}"
EndProject
Project("{FAE04EC0-301F-11D3-BF4B-00C04F79EFBC}") = "IBVL.Data", "src\IBVL.Data\IBVL.Data.csproj", "{29FC1CD7-F7BD-4078-9B1F-CC132662F357}"
EndProject
Global
	GlobalSection(SolutionConfigurationPlatforms) = preSolution
		Debug|Any CPU = Debug|Any CPU
		Release|Any CPU = Release|Any CPU
	EndGlobalSection
	GlobalSection(ProjectConfigurationPlatforms) = postSolution
		{03CE7C9E-3CCA-4F46-B6E9-0FB65CAD97B1}.Debug|Any CPU.ActiveCfg = Debug|Any CPU
		{03CE7C9E-3CCA-4F46-B6E9-0FB65CAD97B1}.Debug|Any CPU.Build.0 = Debug|Any CPU
		{03CE7C9E-3CCA-4F46-B6E9-0FB65CAD97B1}.Release|Any CPU.ActiveCfg = Release|Any CPU
		{03CE7C9E-3CCA-4F46-B6E9-0FB65CAD97B1}.Release|Any CPU.Build.0 = Release|Any CPU
		{7B674CB3-6357-48C8-BB5E-0BBF293EAF31}.Debug|Any CPU.ActiveCfg = Debug|Any CPU
		{7B674CB3-6357-48C8-BB5E-0BBF293EAF31}.Debug|Any CPU.Build.0 = Debug|Any CPU
		{7B674CB3-6357-48C8-BB5E-0BBF293EAF31}.Release|Any CPU.ActiveCfg = Release|Any CPU
		{7B674CB3-6357-48C8-BB5E-0BBF293EAF31}.Release|Any CPU.Build.0 = Release|Any CPU
		{FE83DF9A-39BF-4420-A8E5-3666CFE33EB9}.Debug|Any CPU.ActiveCfg = Debug|Any CPU
		{FE83DF9A-39BF-4420-A8E5-3666CFE33EB9}.Debug|Any CPU.Build.0 = Debug|Any CPU
		{FE83DF9A-39BF-4420-A8E5-3666CFE33EB9}.Release|Any CPU.ActiveCfg = Release|Any CPU
		{FE83DF9A-39BF-4420-A8E5-3666CFE33EB9}.Release|Any CPU.Build.0 = Release|Any CPU
		{BA5F5BED-D42F-4EF1-8114-560BFB6966C4}.Debug|Any CPU.ActiveCfg = Debug|Any CPU
		{BA5F5BED-D42F-4EF1-8114-560BFB6966C4}.Debug|Any CPU.Build.0 = Debug|Any CPU
		{BA5F5BED-D42F-4EF1-8114-560BFB6966C4}.Release|Any CPU.ActiveCfg = Release|Any CPU
		{BA5F5BED-D42F-4EF1-8114-560BFB6966C4}.Release|Any CPU.Build.0 = Release|Any CPU
		{29FC1CD7-F7BD-4078-9B1F-CC132662F357}.Debug|Any CPU.ActiveCfg = Debug|Any CPU
		{29FC1CD7-F7BD-4078-9B1F-CC132662F357}.Debug|Any CPU.Build.0 = Debug|Any CPU
		{29FC1CD7-F7BD-4078-9B1F-CC132662F357}.Release|Any CPU.ActiveCfg = Release|Any CPU
		{29FC1CD7-F7BD-4078-9B1F-CC132662F357}.Release|Any CPU.Build.0 = Release|Any CPU
	EndGlobalSection
	GlobalSection(SolutionProperties) = preSolution
		HideSolutionNode = FALSE
	EndGlobalSection
	GlobalSection(NestedProjects) = preSolution
		{03CE7C9E-3CCA-4F46-B6E9-0FB65CAD97B1} = {8A98CC65-0F18-4209-9F6E-F42C4055B5E8}
		{5B128F60-2D9F-4333-99AA-AAD83F378CF5} = {8A98CC65-0F18-4209-9F6E-F42C4055B5E8}
		{7B674CB3-6357-48C8-BB5E-0BBF293EAF31} = {5B128F60-2D9F-4333-99AA-AAD83F378CF5}
		{FE83DF9A-39BF-4420-A8E5-3666CFE33EB9} = {E54CFF13-9468-43F6-81D4-0DD18355501A}
		{F17A631A-0BEB-42AE-B7AC-77304FB7F054} = {8A98CC65-0F18-4209-9F6E-F42C4055B5E8}
		{BA5F5BED-D42F-4EF1-8114-560BFB6966C4} = {F17A631A-0BEB-42AE-B7AC-77304FB7F054}
		{29FC1CD7-F7BD-4078-9B1F-CC132662F357} = {5864B764-F1FF-4CC3-91E9-5A4B1952585A}
	EndGlobalSection
	GlobalSection(ExtensibilityGlobals) = postSolution
		SolutionGuid = {F4A47A4C-EABC-4480-A4EB-B9E23634EC77}
	EndGlobalSection
EndGlobal
